// !$*UTF8*$!
{
	archiveVersion = 1;
	classes = {
	};
	objectVersion = 46;
	objects = {

/* Begin PBXBuildFile section */
		1A1949B82225509300659FA8 /* NotificationCenter.framework in Frameworks */ = {isa = PBXBuildFile; fileRef = 255C84891F7AE8090091A4CC /* NotificationCenter.framework */; };
		1A1949BB2225509300659FA8 /* TodayViewController.swift in Sources */ = {isa = PBXBuildFile; fileRef = 1A1949BA2225509300659FA8 /* TodayViewController.swift */; };
		1A1949BE2225509300659FA8 /* MainInterface.storyboard in Resources */ = {isa = PBXBuildFile; fileRef = 1A1949BC2225509300659FA8 /* MainInterface.storyboard */; };
		1A1949C22225509300659FA8 /* NextEvent.appex in Embed App Extensions */ = {isa = PBXBuildFile; fileRef = 1A1949B72225509300659FA8 /* NextEvent.appex */; settings = {ATTRIBUTES = (RemoveHeadersOnCopy, ); }; };
		1ADE355E222DA0A90081AC3B /* TimetableDataController.swift in Sources */ = {isa = PBXBuildFile; fileRef = 25392C9F1F72729800F61865 /* TimetableDataController.swift */; };
		1ADE355F222DA0E60081AC3B /* CustomDataStructures.swift in Sources */ = {isa = PBXBuildFile; fileRef = 2553CBEF1F726341005D2197 /* CustomDataStructures.swift */; };
		1ADE3560222DA2E00081AC3B /* APIDataStructures.swift in Sources */ = {isa = PBXBuildFile; fileRef = 255D8F311F66DFCD009A235B /* APIDataStructures.swift */; };
		1ADE3561222DA4AD0081AC3B /* GroupsController.swift in Sources */ = {isa = PBXBuildFile; fileRef = 25E27AA41FA9F50600C56164 /* GroupsController.swift */; };
		2502540E1F6B36D40044119B /* InitialViewController.swift in Sources */ = {isa = PBXBuildFile; fileRef = 2502540D1F6B36D40044119B /* InitialViewController.swift */; };
		252DE59D1F67EDED000FA1AF /* StudyProgramTableViewController.swift in Sources */ = {isa = PBXBuildFile; fileRef = 252DE59C1F67EDED000FA1AF /* StudyProgramTableViewController.swift */; };
		252DE59F1F67F067000FA1AF /* AdmissionYearTableViewController.swift in Sources */ = {isa = PBXBuildFile; fileRef = 252DE59E1F67F067000FA1AF /* AdmissionYearTableViewController.swift */; };
		25315FDD1F67B81C00830163 /* DivisionTableViewController.swift in Sources */ = {isa = PBXBuildFile; fileRef = 25315FDC1F67B81C00830163 /* DivisionTableViewController.swift */; };
		25315FDF1F67C58600830163 /* LevelTableViewController.swift in Sources */ = {isa = PBXBuildFile; fileRef = 25315FDE1F67C58600830163 /* LevelTableViewController.swift */; };
		253902991F65A8850025F959 /* AppDelegate.swift in Sources */ = {isa = PBXBuildFile; fileRef = 253902981F65A8850025F959 /* AppDelegate.swift */; };
		2539029E1F65A8850025F959 /* Main.storyboard in Resources */ = {isa = PBXBuildFile; fileRef = 2539029C1F65A8850025F959 /* Main.storyboard */; };
		253902A01F65A8850025F959 /* Assets.xcassets in Resources */ = {isa = PBXBuildFile; fileRef = 2539029F1F65A8850025F959 /* Assets.xcassets */; };
		253902A31F65A8850025F959 /* LaunchScreen.storyboard in Resources */ = {isa = PBXBuildFile; fileRef = 253902A11F65A8850025F959 /* LaunchScreen.storyboard */; };
		25392CA01F72729800F61865 /* TimetableDataController.swift in Sources */ = {isa = PBXBuildFile; fileRef = 25392C9F1F72729800F61865 /* TimetableDataController.swift */; };
		2553CBF01F726341005D2197 /* CustomDataStructures.swift in Sources */ = {isa = PBXBuildFile; fileRef = 2553CBEF1F726341005D2197 /* CustomDataStructures.swift */; };
		2555941B1FA7602800D90C1E /* GroupsListTableViewController.swift in Sources */ = {isa = PBXBuildFile; fileRef = 2555941A1FA7602800D90C1E /* GroupsListTableViewController.swift */; };
		255D8F321F66DFCD009A235B /* APIDataStructures.swift in Sources */ = {isa = PBXBuildFile; fileRef = 255D8F311F66DFCD009A235B /* APIDataStructures.swift */; };
		2594FDA11F6AD66B001D4CD2 /* TimetableViewCell.swift in Sources */ = {isa = PBXBuildFile; fileRef = 2594FDA01F6AD66B001D4CD2 /* TimetableViewCell.swift */; };
		2596FFBD1FB2F49500EC97A5 /* EventDetailsTableViewController.swift in Sources */ = {isa = PBXBuildFile; fileRef = 2596FFBC1FB2F49500EC97A5 /* EventDetailsTableViewController.swift */; };
		2596FFBF1FB2FB1C00EC97A5 /* LocationTableViewCell.swift in Sources */ = {isa = PBXBuildFile; fileRef = 2596FFBE1FB2FB1C00EC97A5 /* LocationTableViewCell.swift */; };
		2596FFC11FB2FB3A00EC97A5 /* BasicInformationTableViewCell.swift in Sources */ = {isa = PBXBuildFile; fileRef = 2596FFC01FB2FB3A00EC97A5 /* BasicInformationTableViewCell.swift */; };
		25C07CEF1F6E73DE0064ABE8 /* EventDetailsViewController.swift in Sources */ = {isa = PBXBuildFile; fileRef = 25C07CEE1F6E73DE0064ABE8 /* EventDetailsViewController.swift */; };
		25D188301F68374B00ECB2FD /* StudyGroupTableViewController.swift in Sources */ = {isa = PBXBuildFile; fileRef = 25D1882F1F68374B00ECB2FD /* StudyGroupTableViewController.swift */; };
		25E27AA31FA9D5BC00C56164 /* GroupsListTableViewCell.swift in Sources */ = {isa = PBXBuildFile; fileRef = 25E27AA21FA9D5BC00C56164 /* GroupsListTableViewCell.swift */; };
		25E27AA51FA9F50600C56164 /* GroupsController.swift in Sources */ = {isa = PBXBuildFile; fileRef = 25E27AA41FA9F50600C56164 /* GroupsController.swift */; };
		25E33BAA1F65B3F700DA0814 /* FirstSetupController.swift in Sources */ = {isa = PBXBuildFile; fileRef = 25E33BA91F65B3F700DA0814 /* FirstSetupController.swift */; };
		25FEEDB81F6990EC00872AD9 /* TimetableTableViewController.swift in Sources */ = {isa = PBXBuildFile; fileRef = 25FEEDB71F6990EC00872AD9 /* TimetableTableViewController.swift */; };
		25FEEDC01F6997A800872AD9 /* SettingsTableViewController.swift in Sources */ = {isa = PBXBuildFile; fileRef = 25FEEDBF1F6997A800872AD9 /* SettingsTableViewController.swift */; };
		6421F350C9B58908737A1E82 /* Pods_Timetable.framework in Frameworks */ = {isa = PBXBuildFile; fileRef = B567BB17F40C6C27DFEE3FF3 /* Pods_Timetable.framework */; };
		CABE5AA35C1EE71825D4E6DC /* Pods_NextEvent.framework in Frameworks */ = {isa = PBXBuildFile; fileRef = B2744E2748BE4576FDB16580 /* Pods_NextEvent.framework */; };
/* End PBXBuildFile section */

/* Begin PBXContainerItemProxy section */
		1A1949C02225509300659FA8 /* PBXContainerItemProxy */ = {
			isa = PBXContainerItemProxy;
			containerPortal = 2539028D1F65A8850025F959 /* Project object */;
			proxyType = 1;
			remoteGlobalIDString = 1A1949B62225509300659FA8;
			remoteInfo = NextEvent;
		};
/* End PBXContainerItemProxy section */

/* Begin PBXCopyFilesBuildPhase section */
		25621A921F9754F800E8C2E4 /* Embed App Extensions */ = {
			isa = PBXCopyFilesBuildPhase;
			buildActionMask = 2147483647;
			dstPath = "";
			dstSubfolderSpec = 13;
			files = (
				1A1949C22225509300659FA8 /* NextEvent.appex in Embed App Extensions */,
			);
			name = "Embed App Extensions";
			runOnlyForDeploymentPostprocessing = 0;
		};
/* End PBXCopyFilesBuildPhase section */

/* Begin PBXFileReference section */
		1A1949B72225509300659FA8 /* NextEvent.appex */ = {isa = PBXFileReference; explicitFileType = "wrapper.app-extension"; includeInIndex = 0; path = NextEvent.appex; sourceTree = BUILT_PRODUCTS_DIR; };
		1A1949BA2225509300659FA8 /* TodayViewController.swift */ = {isa = PBXFileReference; lastKnownFileType = sourcecode.swift; path = TodayViewController.swift; sourceTree = "<group>"; };
		1A1949BD2225509300659FA8 /* Base */ = {isa = PBXFileReference; lastKnownFileType = file.storyboard; name = Base; path = Base.lproj/MainInterface.storyboard; sourceTree = "<group>"; };
		1A1949BF2225509300659FA8 /* Info.plist */ = {isa = PBXFileReference; lastKnownFileType = text.plist.xml; path = Info.plist; sourceTree = "<group>"; };
		1A95D1DF222D9DFA009AD477 /* Расписание СПбГУ.entitlements */ = {isa = PBXFileReference; lastKnownFileType = text.plist.entitlements; path = "Расписание СПбГУ.entitlements"; sourceTree = "<group>"; };
		1A95D1E0222D9E03009AD477 /* NextEvent.entitlements */ = {isa = PBXFileReference; lastKnownFileType = text.plist.entitlements; path = NextEvent.entitlements; sourceTree = "<group>"; };
		2502540D1F6B36D40044119B /* InitialViewController.swift */ = {isa = PBXFileReference; lastKnownFileType = sourcecode.swift; path = InitialViewController.swift; sourceTree = "<group>"; };
		252DE59C1F67EDED000FA1AF /* StudyProgramTableViewController.swift */ = {isa = PBXFileReference; lastKnownFileType = sourcecode.swift; path = StudyProgramTableViewController.swift; sourceTree = "<group>"; };
		252DE59E1F67F067000FA1AF /* AdmissionYearTableViewController.swift */ = {isa = PBXFileReference; lastKnownFileType = sourcecode.swift; path = AdmissionYearTableViewController.swift; sourceTree = "<group>"; };
		25315FDC1F67B81C00830163 /* DivisionTableViewController.swift */ = {isa = PBXFileReference; lastKnownFileType = sourcecode.swift; path = DivisionTableViewController.swift; sourceTree = "<group>"; };
		25315FDE1F67C58600830163 /* LevelTableViewController.swift */ = {isa = PBXFileReference; lastKnownFileType = sourcecode.swift; path = LevelTableViewController.swift; sourceTree = "<group>"; };
		253902951F65A8850025F959 /* Расписание СПбГУ.app */ = {isa = PBXFileReference; explicitFileType = wrapper.application; includeInIndex = 0; path = "Расписание СПбГУ.app"; sourceTree = BUILT_PRODUCTS_DIR; };
		253902981F65A8850025F959 /* AppDelegate.swift */ = {isa = PBXFileReference; lastKnownFileType = sourcecode.swift; path = AppDelegate.swift; sourceTree = "<group>"; };
		2539029D1F65A8850025F959 /* Base */ = {isa = PBXFileReference; lastKnownFileType = file.storyboard; name = Base; path = Base.lproj/Main.storyboard; sourceTree = "<group>"; };
		2539029F1F65A8850025F959 /* Assets.xcassets */ = {isa = PBXFileReference; lastKnownFileType = folder.assetcatalog; path = Assets.xcassets; sourceTree = "<group>"; };
		253902A21F65A8850025F959 /* Base */ = {isa = PBXFileReference; lastKnownFileType = file.storyboard; name = Base; path = Base.lproj/LaunchScreen.storyboard; sourceTree = "<group>"; };
		253902A41F65A8850025F959 /* Info.plist */ = {isa = PBXFileReference; lastKnownFileType = text.plist.xml; path = Info.plist; sourceTree = "<group>"; };
		25392C9F1F72729800F61865 /* TimetableDataController.swift */ = {isa = PBXFileReference; lastKnownFileType = sourcecode.swift; path = TimetableDataController.swift; sourceTree = "<group>"; };
		2553CBEF1F726341005D2197 /* CustomDataStructures.swift */ = {isa = PBXFileReference; lastKnownFileType = sourcecode.swift; path = CustomDataStructures.swift; sourceTree = "<group>"; };
		2555941A1FA7602800D90C1E /* GroupsListTableViewController.swift */ = {isa = PBXFileReference; lastKnownFileType = sourcecode.swift; path = GroupsListTableViewController.swift; sourceTree = "<group>"; };
		255C84891F7AE8090091A4CC /* NotificationCenter.framework */ = {isa = PBXFileReference; lastKnownFileType = wrapper.framework; name = NotificationCenter.framework; path = System/Library/Frameworks/NotificationCenter.framework; sourceTree = SDKROOT; };
		255D8F311F66DFCD009A235B /* APIDataStructures.swift */ = {isa = PBXFileReference; lastKnownFileType = sourcecode.swift; path = APIDataStructures.swift; sourceTree = "<group>"; };
		2594FDA01F6AD66B001D4CD2 /* TimetableViewCell.swift */ = {isa = PBXFileReference; lastKnownFileType = sourcecode.swift; path = TimetableViewCell.swift; sourceTree = "<group>"; };
		2596FFBC1FB2F49500EC97A5 /* EventDetailsTableViewController.swift */ = {isa = PBXFileReference; lastKnownFileType = sourcecode.swift; path = EventDetailsTableViewController.swift; sourceTree = "<group>"; };
		2596FFBE1FB2FB1C00EC97A5 /* LocationTableViewCell.swift */ = {isa = PBXFileReference; lastKnownFileType = sourcecode.swift; path = LocationTableViewCell.swift; sourceTree = "<group>"; };
		2596FFC01FB2FB3A00EC97A5 /* BasicInformationTableViewCell.swift */ = {isa = PBXFileReference; lastKnownFileType = sourcecode.swift; path = BasicInformationTableViewCell.swift; sourceTree = "<group>"; };
		25C07CEE1F6E73DE0064ABE8 /* EventDetailsViewController.swift */ = {isa = PBXFileReference; lastKnownFileType = sourcecode.swift; path = EventDetailsViewController.swift; sourceTree = "<group>"; };
		25D1882F1F68374B00ECB2FD /* StudyGroupTableViewController.swift */ = {isa = PBXFileReference; lastKnownFileType = sourcecode.swift; path = StudyGroupTableViewController.swift; sourceTree = "<group>"; };
		25E27AA21FA9D5BC00C56164 /* GroupsListTableViewCell.swift */ = {isa = PBXFileReference; lastKnownFileType = sourcecode.swift; path = GroupsListTableViewCell.swift; sourceTree = "<group>"; };
		25E27AA41FA9F50600C56164 /* GroupsController.swift */ = {isa = PBXFileReference; lastKnownFileType = sourcecode.swift; path = GroupsController.swift; sourceTree = "<group>"; };
		25E33BA91F65B3F700DA0814 /* FirstSetupController.swift */ = {isa = PBXFileReference; lastKnownFileType = sourcecode.swift; path = FirstSetupController.swift; sourceTree = "<group>"; };
		25FEEDB71F6990EC00872AD9 /* TimetableTableViewController.swift */ = {isa = PBXFileReference; lastKnownFileType = sourcecode.swift; path = TimetableTableViewController.swift; sourceTree = "<group>"; };
		25FEEDBF1F6997A800872AD9 /* SettingsTableViewController.swift */ = {isa = PBXFileReference; lastKnownFileType = sourcecode.swift; path = SettingsTableViewController.swift; sourceTree = "<group>"; };
		58C1C9D07EF4F6374C1C6C1C /* Pods-NextEvent.debug.xcconfig */ = {isa = PBXFileReference; includeInIndex = 1; lastKnownFileType = text.xcconfig; name = "Pods-NextEvent.debug.xcconfig"; path = "Target Support Files/Pods-NextEvent/Pods-NextEvent.debug.xcconfig"; sourceTree = "<group>"; };
		749B68A76856F1B333C296D3 /* Pods-Timetable.debug.xcconfig */ = {isa = PBXFileReference; includeInIndex = 1; lastKnownFileType = text.xcconfig; name = "Pods-Timetable.debug.xcconfig"; path = "Target Support Files/Pods-Timetable/Pods-Timetable.debug.xcconfig"; sourceTree = "<group>"; };
		A6FDE015AEB67FB5238F7357 /* Pods-NextEvent.release.xcconfig */ = {isa = PBXFileReference; includeInIndex = 1; lastKnownFileType = text.xcconfig; name = "Pods-NextEvent.release.xcconfig"; path = "Target Support Files/Pods-NextEvent/Pods-NextEvent.release.xcconfig"; sourceTree = "<group>"; };
		B2744E2748BE4576FDB16580 /* Pods_NextEvent.framework */ = {isa = PBXFileReference; explicitFileType = wrapper.framework; includeInIndex = 0; path = Pods_NextEvent.framework; sourceTree = BUILT_PRODUCTS_DIR; };
		B567BB17F40C6C27DFEE3FF3 /* Pods_Timetable.framework */ = {isa = PBXFileReference; explicitFileType = wrapper.framework; includeInIndex = 0; path = Pods_Timetable.framework; sourceTree = BUILT_PRODUCTS_DIR; };
		E17C5FB93CD09860CF1BF908 /* Pods-Timetable.release.xcconfig */ = {isa = PBXFileReference; includeInIndex = 1; lastKnownFileType = text.xcconfig; name = "Pods-Timetable.release.xcconfig"; path = "Target Support Files/Pods-Timetable/Pods-Timetable.release.xcconfig"; sourceTree = "<group>"; };
/* End PBXFileReference section */

/* Begin PBXFrameworksBuildPhase section */
		1A1949B42225509300659FA8 /* Frameworks */ = {
			isa = PBXFrameworksBuildPhase;
			buildActionMask = 2147483647;
			files = (
				1A1949B82225509300659FA8 /* NotificationCenter.framework in Frameworks */,
				CABE5AA35C1EE71825D4E6DC /* Pods_NextEvent.framework in Frameworks */,
			);
			runOnlyForDeploymentPostprocessing = 0;
		};
		253902921F65A8850025F959 /* Frameworks */ = {
			isa = PBXFrameworksBuildPhase;
			buildActionMask = 2147483647;
			files = (
				6421F350C9B58908737A1E82 /* Pods_Timetable.framework in Frameworks */,
			);
			runOnlyForDeploymentPostprocessing = 0;
		};
/* End PBXFrameworksBuildPhase section */

/* Begin PBXGroup section */
		1A1949B92225509300659FA8 /* NextEvent */ = {
			isa = PBXGroup;
			children = (
				1A95D1E0222D9E03009AD477 /* NextEvent.entitlements */,
				1A1949BA2225509300659FA8 /* TodayViewController.swift */,
				1A1949BC2225509300659FA8 /* MainInterface.storyboard */,
				1A1949BF2225509300659FA8 /* Info.plist */,
			);
			path = NextEvent;
			sourceTree = "<group>";
		};
		1BB7EB62A5C2357445C3A060 /* Pods */ = {
			isa = PBXGroup;
			children = (
				749B68A76856F1B333C296D3 /* Pods-Timetable.debug.xcconfig */,
				E17C5FB93CD09860CF1BF908 /* Pods-Timetable.release.xcconfig */,
				58C1C9D07EF4F6374C1C6C1C /* Pods-NextEvent.debug.xcconfig */,
				A6FDE015AEB67FB5238F7357 /* Pods-NextEvent.release.xcconfig */,
			);
			path = Pods;
			sourceTree = "<group>";
		};
		25224DB91F90073D00900CB8 /* FirstSetup */ = {
			isa = PBXGroup;
			children = (
				25E33BA91F65B3F700DA0814 /* FirstSetupController.swift */,
				25315FDC1F67B81C00830163 /* DivisionTableViewController.swift */,
				25315FDE1F67C58600830163 /* LevelTableViewController.swift */,
				252DE59C1F67EDED000FA1AF /* StudyProgramTableViewController.swift */,
				252DE59E1F67F067000FA1AF /* AdmissionYearTableViewController.swift */,
				25D1882F1F68374B00ECB2FD /* StudyGroupTableViewController.swift */,
			);
			path = FirstSetup;
			sourceTree = "<group>";
		};
		25224DBA1F90077600900CB8 /* Structures */ = {
			isa = PBXGroup;
			children = (
				255D8F311F66DFCD009A235B /* APIDataStructures.swift */,
				2553CBEF1F726341005D2197 /* CustomDataStructures.swift */,
			);
			path = Structures;
			sourceTree = "<group>";
		};
		2539028C1F65A8850025F959 = {
			isa = PBXGroup;
			children = (
				253902971F65A8850025F959 /* Timetable */,
				1A1949B92225509300659FA8 /* NextEvent */,
				253902961F65A8850025F959 /* Products */,
				28E1B15BD78946D4FA4FF1F5 /* Frameworks */,
				1BB7EB62A5C2357445C3A060 /* Pods */,
			);
			sourceTree = "<group>";
		};
		253902961F65A8850025F959 /* Products */ = {
			isa = PBXGroup;
			children = (
				253902951F65A8850025F959 /* Расписание СПбГУ.app */,
				1A1949B72225509300659FA8 /* NextEvent.appex */,
			);
			name = Products;
			sourceTree = "<group>";
		};
		253902971F65A8850025F959 /* Timetable */ = {
			isa = PBXGroup;
			children = (
				1A95D1DF222D9DFA009AD477 /* Расписание СПбГУ.entitlements */,
				25224DBA1F90077600900CB8 /* Structures */,
				25224DB91F90073D00900CB8 /* FirstSetup */,
				253902981F65A8850025F959 /* AppDelegate.swift */,
				2539029C1F65A8850025F959 /* Main.storyboard */,
				2539029F1F65A8850025F959 /* Assets.xcassets */,
				253902A11F65A8850025F959 /* LaunchScreen.storyboard */,
				253902A41F65A8850025F959 /* Info.plist */,
				25FEEDB71F6990EC00872AD9 /* TimetableTableViewController.swift */,
				25FEEDBF1F6997A800872AD9 /* SettingsTableViewController.swift */,
				2594FDA01F6AD66B001D4CD2 /* TimetableViewCell.swift */,
				2502540D1F6B36D40044119B /* InitialViewController.swift */,
				25C07CEE1F6E73DE0064ABE8 /* EventDetailsViewController.swift */,
				25392C9F1F72729800F61865 /* TimetableDataController.swift */,
				2555941A1FA7602800D90C1E /* GroupsListTableViewController.swift */,
				25E27AA21FA9D5BC00C56164 /* GroupsListTableViewCell.swift */,
				25E27AA41FA9F50600C56164 /* GroupsController.swift */,
				2596FFBC1FB2F49500EC97A5 /* EventDetailsTableViewController.swift */,
				2596FFBE1FB2FB1C00EC97A5 /* LocationTableViewCell.swift */,
				2596FFC01FB2FB3A00EC97A5 /* BasicInformationTableViewCell.swift */,
			);
			path = Timetable;
			sourceTree = "<group>";
		};
		28E1B15BD78946D4FA4FF1F5 /* Frameworks */ = {
			isa = PBXGroup;
			children = (
				255C84891F7AE8090091A4CC /* NotificationCenter.framework */,
				B567BB17F40C6C27DFEE3FF3 /* Pods_Timetable.framework */,
				B2744E2748BE4576FDB16580 /* Pods_NextEvent.framework */,
			);
			name = Frameworks;
			sourceTree = "<group>";
		};
/* End PBXGroup section */

/* Begin PBXNativeTarget section */
		1A1949B62225509300659FA8 /* NextEvent */ = {
			isa = PBXNativeTarget;
			buildConfigurationList = 1A1949C32225509300659FA8 /* Build configuration list for PBXNativeTarget "NextEvent" */;
			buildPhases = (
				87CC40A69DE6220184A55FF5 /* [CP] Check Pods Manifest.lock */,
				1A1949B32225509300659FA8 /* Sources */,
				1A1949B42225509300659FA8 /* Frameworks */,
				1A1949B52225509300659FA8 /* Resources */,
			);
			buildRules = (
			);
			dependencies = (
			);
			name = NextEvent;
			productName = NextEvent;
			productReference = 1A1949B72225509300659FA8 /* NextEvent.appex */;
			productType = "com.apple.product-type.app-extension";
		};
		253902941F65A8850025F959 /* Timetable */ = {
			isa = PBXNativeTarget;
			buildConfigurationList = 253902A71F65A8850025F959 /* Build configuration list for PBXNativeTarget "Timetable" */;
			buildPhases = (
				A9C687021CBD2C332505A4B0 /* [CP] Check Pods Manifest.lock */,
				253902911F65A8850025F959 /* Sources */,
				253902921F65A8850025F959 /* Frameworks */,
				253902931F65A8850025F959 /* Resources */,
				25621A921F9754F800E8C2E4 /* Embed App Extensions */,
				AE4D212D5387FD5E60C469D0 /* [CP] Embed Pods Frameworks */,
			);
			buildRules = (
			);
			dependencies = (
				1A1949C12225509300659FA8 /* PBXTargetDependency */,
			);
			name = Timetable;
			productName = Timetable;
			productReference = 253902951F65A8850025F959 /* Расписание СПбГУ.app */;
			productType = "com.apple.product-type.application";
		};
/* End PBXNativeTarget section */

/* Begin PBXProject section */
		2539028D1F65A8850025F959 /* Project object */ = {
			isa = PBXProject;
			attributes = {
				LastSwiftUpdateCheck = 1010;
				LastUpgradeCheck = 1000;
				ORGANIZATIONNAME = "Valery Kirichenko";
				TargetAttributes = {
					1A1949B62225509300659FA8 = {
						CreatedOnToolsVersion = 10.1;
						DevelopmentTeam = SBUE9KQ5FX;
						ProvisioningStyle = Automatic;
						SystemCapabilities = {
							com.apple.ApplicationGroups.iOS = {
								enabled = 1;
							};
						};
					};
					253902941F65A8850025F959 = {
						CreatedOnToolsVersion = 8.3.3;
						DevelopmentTeam = SBUE9KQ5FX;
						LastSwiftMigration = 1000;
						ProvisioningStyle = Automatic;
						SystemCapabilities = {
							com.apple.ApplicationGroups.iOS = {
								enabled = 1;
							};
						};
					};
				};
			};
			buildConfigurationList = 253902901F65A8850025F959 /* Build configuration list for PBXProject "Timetable" */;
			compatibilityVersion = "Xcode 3.2";
			developmentRegion = English;
			hasScannedForEncodings = 0;
			knownRegions = (
				en,
				Base,
			);
			mainGroup = 2539028C1F65A8850025F959;
			productRefGroup = 253902961F65A8850025F959 /* Products */;
			projectDirPath = "";
			projectRoot = "";
			targets = (
				253902941F65A8850025F959 /* Timetable */,
				1A1949B62225509300659FA8 /* NextEvent */,
			);
		};
/* End PBXProject section */

/* Begin PBXResourcesBuildPhase section */
		1A1949B52225509300659FA8 /* Resources */ = {
			isa = PBXResourcesBuildPhase;
			buildActionMask = 2147483647;
			files = (
				1A1949BE2225509300659FA8 /* MainInterface.storyboard in Resources */,
			);
			runOnlyForDeploymentPostprocessing = 0;
		};
		253902931F65A8850025F959 /* Resources */ = {
			isa = PBXResourcesBuildPhase;
			buildActionMask = 2147483647;
			files = (
				253902A31F65A8850025F959 /* LaunchScreen.storyboard in Resources */,
				253902A01F65A8850025F959 /* Assets.xcassets in Resources */,
				2539029E1F65A8850025F959 /* Main.storyboard in Resources */,
			);
			runOnlyForDeploymentPostprocessing = 0;
		};
/* End PBXResourcesBuildPhase section */

/* Begin PBXShellScriptBuildPhase section */
		87CC40A69DE6220184A55FF5 /* [CP] Check Pods Manifest.lock */ = {
			isa = PBXShellScriptBuildPhase;
			buildActionMask = 2147483647;
			files = (
			);
			inputFileListPaths = (
			);
			inputPaths = (
				"${PODS_PODFILE_DIR_PATH}/Podfile.lock",
				"${PODS_ROOT}/Manifest.lock",
			);
			name = "[CP] Check Pods Manifest.lock";
			outputFileListPaths = (
			);
			outputPaths = (
				"$(DERIVED_FILE_DIR)/Pods-NextEvent-checkManifestLockResult.txt",
			);
			runOnlyForDeploymentPostprocessing = 0;
			shellPath = /bin/sh;
			shellScript = "diff \"${PODS_PODFILE_DIR_PATH}/Podfile.lock\" \"${PODS_ROOT}/Manifest.lock\" > /dev/null\nif [ $? != 0 ] ; then\n    # print error to STDERR\n    echo \"error: The sandbox is not in sync with the Podfile.lock. Run 'pod install' or update your CocoaPods installation.\" >&2\n    exit 1\nfi\n# This output is used by Xcode 'outputs' to avoid re-running this script phase.\necho \"SUCCESS\" > \"${SCRIPT_OUTPUT_FILE_0}\"\n";
			showEnvVarsInLog = 0;
		};
		A9C687021CBD2C332505A4B0 /* [CP] Check Pods Manifest.lock */ = {
			isa = PBXShellScriptBuildPhase;
			buildActionMask = 2147483647;
			files = (
			);
			inputFileListPaths = (
			);
			inputPaths = (
				"${PODS_PODFILE_DIR_PATH}/Podfile.lock",
				"${PODS_ROOT}/Manifest.lock",
			);
			name = "[CP] Check Pods Manifest.lock";
			outputFileListPaths = (
			);
			outputPaths = (
				"$(DERIVED_FILE_DIR)/Pods-Timetable-checkManifestLockResult.txt",
			);
			runOnlyForDeploymentPostprocessing = 0;
			shellPath = /bin/sh;
			shellScript = "diff \"${PODS_PODFILE_DIR_PATH}/Podfile.lock\" \"${PODS_ROOT}/Manifest.lock\" > /dev/null\nif [ $? != 0 ] ; then\n    # print error to STDERR\n    echo \"error: The sandbox is not in sync with the Podfile.lock. Run 'pod install' or update your CocoaPods installation.\" >&2\n    exit 1\nfi\n# This output is used by Xcode 'outputs' to avoid re-running this script phase.\necho \"SUCCESS\" > \"${SCRIPT_OUTPUT_FILE_0}\"\n";
			showEnvVarsInLog = 0;
		};
		AE4D212D5387FD5E60C469D0 /* [CP] Embed Pods Frameworks */ = {
			isa = PBXShellScriptBuildPhase;
			buildActionMask = 2147483647;
			files = (
			);
			inputFileListPaths = (
			);
			inputPaths = (
				"${PODS_ROOT}/Target Support Files/Pods-Timetable/Pods-Timetable-frameworks.sh",
				"${BUILT_PRODUCTS_DIR}/Disk/Disk.framework",
			);
			name = "[CP] Embed Pods Frameworks";
			outputFileListPaths = (
			);
			outputPaths = (
				"${TARGET_BUILD_DIR}/${FRAMEWORKS_FOLDER_PATH}/Disk.framework",
			);
			runOnlyForDeploymentPostprocessing = 0;
			shellPath = /bin/sh;
			shellScript = "\"${PODS_ROOT}/Target Support Files/Pods-Timetable/Pods-Timetable-frameworks.sh\"\n";
			showEnvVarsInLog = 0;
		};
/* End PBXShellScriptBuildPhase section */

/* Begin PBXSourcesBuildPhase section */
		1A1949B32225509300659FA8 /* Sources */ = {
			isa = PBXSourcesBuildPhase;
			buildActionMask = 2147483647;
			files = (
				1ADE3561222DA4AD0081AC3B /* GroupsController.swift in Sources */,
				1ADE3560222DA2E00081AC3B /* APIDataStructures.swift in Sources */,
				1ADE355F222DA0E60081AC3B /* CustomDataStructures.swift in Sources */,
				1ADE355E222DA0A90081AC3B /* TimetableDataController.swift in Sources */,
				1A1949BB2225509300659FA8 /* TodayViewController.swift in Sources */,
			);
			runOnlyForDeploymentPostprocessing = 0;
		};
		253902911F65A8850025F959 /* Sources */ = {
			isa = PBXSourcesBuildPhase;
			buildActionMask = 2147483647;
			files = (
				252DE59F1F67F067000FA1AF /* AdmissionYearTableViewController.swift in Sources */,
				25FEEDB81F6990EC00872AD9 /* TimetableTableViewController.swift in Sources */,
				25E27AA31FA9D5BC00C56164 /* GroupsListTableViewCell.swift in Sources */,
				25C07CEF1F6E73DE0064ABE8 /* EventDetailsViewController.swift in Sources */,
				25315FDF1F67C58600830163 /* LevelTableViewController.swift in Sources */,
				2555941B1FA7602800D90C1E /* GroupsListTableViewController.swift in Sources */,
				2596FFC11FB2FB3A00EC97A5 /* BasicInformationTableViewCell.swift in Sources */,
				2596FFBF1FB2FB1C00EC97A5 /* LocationTableViewCell.swift in Sources */,
				2502540E1F6B36D40044119B /* InitialViewController.swift in Sources */,
				25E27AA51FA9F50600C56164 /* GroupsController.swift in Sources */,
				25FEEDC01F6997A800872AD9 /* SettingsTableViewController.swift in Sources */,
				25392CA01F72729800F61865 /* TimetableDataController.swift in Sources */,
				25E33BAA1F65B3F700DA0814 /* FirstSetupController.swift in Sources */,
				25D188301F68374B00ECB2FD /* StudyGroupTableViewController.swift in Sources */,
				2596FFBD1FB2F49500EC97A5 /* EventDetailsTableViewController.swift in Sources */,
				2553CBF01F726341005D2197 /* CustomDataStructures.swift in Sources */,
				255D8F321F66DFCD009A235B /* APIDataStructures.swift in Sources */,
				25315FDD1F67B81C00830163 /* DivisionTableViewController.swift in Sources */,
				252DE59D1F67EDED000FA1AF /* StudyProgramTableViewController.swift in Sources */,
				2594FDA11F6AD66B001D4CD2 /* TimetableViewCell.swift in Sources */,
				253902991F65A8850025F959 /* AppDelegate.swift in Sources */,
			);
			runOnlyForDeploymentPostprocessing = 0;
		};
/* End PBXSourcesBuildPhase section */

/* Begin PBXTargetDependency section */
		1A1949C12225509300659FA8 /* PBXTargetDependency */ = {
			isa = PBXTargetDependency;
			target = 1A1949B62225509300659FA8 /* NextEvent */;
			targetProxy = 1A1949C02225509300659FA8 /* PBXContainerItemProxy */;
		};
/* End PBXTargetDependency section */

/* Begin PBXVariantGroup section */
		1A1949BC2225509300659FA8 /* MainInterface.storyboard */ = {
			isa = PBXVariantGroup;
			children = (
				1A1949BD2225509300659FA8 /* Base */,
			);
			name = MainInterface.storyboard;
			sourceTree = "<group>";
		};
		2539029C1F65A8850025F959 /* Main.storyboard */ = {
			isa = PBXVariantGroup;
			children = (
				2539029D1F65A8850025F959 /* Base */,
			);
			name = Main.storyboard;
			sourceTree = "<group>";
		};
		253902A11F65A8850025F959 /* LaunchScreen.storyboard */ = {
			isa = PBXVariantGroup;
			children = (
				253902A21F65A8850025F959 /* Base */,
			);
			name = LaunchScreen.storyboard;
			sourceTree = "<group>";
		};
/* End PBXVariantGroup section */

/* Begin XCBuildConfiguration section */
		1A1949C42225509300659FA8 /* Debug */ = {
			isa = XCBuildConfiguration;
			baseConfigurationReference = 58C1C9D07EF4F6374C1C6C1C /* Pods-NextEvent.debug.xcconfig */;
			buildSettings = {
				CLANG_CXX_LANGUAGE_STANDARD = "gnu++14";
				CLANG_ENABLE_OBJC_WEAK = YES;
				CLANG_WARN_UNGUARDED_AVAILABILITY = YES_AGGRESSIVE;
				CODE_SIGN_ENTITLEMENTS = NextEvent/NextEvent.entitlements;
				CODE_SIGN_IDENTITY = "iPhone Developer";
				CODE_SIGN_STYLE = Automatic;
				DEVELOPMENT_TEAM = SBUE9KQ5FX;
				GCC_C_LANGUAGE_STANDARD = gnu11;
				INFOPLIST_FILE = NextEvent/Info.plist;
				IPHONEOS_DEPLOYMENT_TARGET = 9.1;
				LD_RUNPATH_SEARCH_PATHS = "$(inherited) @executable_path/Frameworks @executable_path/../../Frameworks";
				MTL_ENABLE_DEBUG_INFO = INCLUDE_SOURCE;
				MTL_FAST_MATH = YES;
				PRODUCT_BUNDLE_IDENTIFIER = dev.valery.Timetable.NextEvent;
				PRODUCT_NAME = "$(TARGET_NAME)";
				SKIP_INSTALL = YES;
				SWIFT_VERSION = 4.2;
				TARGETED_DEVICE_FAMILY = "1,2";
			};
			name = Debug;
		};
		1A1949C52225509300659FA8 /* Release */ = {
			isa = XCBuildConfiguration;
			baseConfigurationReference = A6FDE015AEB67FB5238F7357 /* Pods-NextEvent.release.xcconfig */;
			buildSettings = {
				CLANG_CXX_LANGUAGE_STANDARD = "gnu++14";
				CLANG_ENABLE_OBJC_WEAK = YES;
				CLANG_WARN_UNGUARDED_AVAILABILITY = YES_AGGRESSIVE;
				CODE_SIGN_ENTITLEMENTS = NextEvent/NextEvent.entitlements;
				CODE_SIGN_IDENTITY = "iPhone Developer";
				CODE_SIGN_STYLE = Automatic;
				DEVELOPMENT_TEAM = SBUE9KQ5FX;
				GCC_C_LANGUAGE_STANDARD = gnu11;
				INFOPLIST_FILE = NextEvent/Info.plist;
				IPHONEOS_DEPLOYMENT_TARGET = 9.1;
				LD_RUNPATH_SEARCH_PATHS = "$(inherited) @executable_path/Frameworks @executable_path/../../Frameworks";
				MTL_FAST_MATH = YES;
				PRODUCT_BUNDLE_IDENTIFIER = dev.valery.Timetable.NextEvent;
				PRODUCT_NAME = "$(TARGET_NAME)";
				SKIP_INSTALL = YES;
				SWIFT_VERSION = 4.2;
				TARGETED_DEVICE_FAMILY = "1,2";
			};
			name = Release;
		};
		253902A51F65A8850025F959 /* Debug */ = {
			isa = XCBuildConfiguration;
			buildSettings = {
				ALWAYS_SEARCH_USER_PATHS = NO;
				CLANG_ANALYZER_NONNULL = YES;
				CLANG_ANALYZER_NUMBER_OBJECT_CONVERSION = YES_AGGRESSIVE;
				CLANG_CXX_LANGUAGE_STANDARD = "gnu++0x";
				CLANG_CXX_LIBRARY = "libc++";
				CLANG_ENABLE_MODULES = YES;
				CLANG_ENABLE_OBJC_ARC = YES;
				CLANG_WARN_BLOCK_CAPTURE_AUTORELEASING = YES;
				CLANG_WARN_BOOL_CONVERSION = YES;
				CLANG_WARN_COMMA = YES;
				CLANG_WARN_CONSTANT_CONVERSION = YES;
				CLANG_WARN_DEPRECATED_OBJC_IMPLEMENTATIONS = YES;
				CLANG_WARN_DIRECT_OBJC_ISA_USAGE = YES_ERROR;
				CLANG_WARN_DOCUMENTATION_COMMENTS = YES;
				CLANG_WARN_EMPTY_BODY = YES;
				CLANG_WARN_ENUM_CONVERSION = YES;
				CLANG_WARN_INFINITE_RECURSION = YES;
				CLANG_WARN_INT_CONVERSION = YES;
				CLANG_WARN_NON_LITERAL_NULL_CONVERSION = YES;
				CLANG_WARN_OBJC_IMPLICIT_RETAIN_SELF = YES;
				CLANG_WARN_OBJC_LITERAL_CONVERSION = YES;
				CLANG_WARN_OBJC_ROOT_CLASS = YES_ERROR;
				CLANG_WARN_RANGE_LOOP_ANALYSIS = YES;
				CLANG_WARN_STRICT_PROTOTYPES = YES;
				CLANG_WARN_SUSPICIOUS_MOVE = YES;
				CLANG_WARN_UNREACHABLE_CODE = YES;
				CLANG_WARN__DUPLICATE_METHOD_MATCH = YES;
				"CODE_SIGN_IDENTITY[sdk=iphoneos*]" = "iPhone Developer";
				COPY_PHASE_STRIP = NO;
				DEBUG_INFORMATION_FORMAT = dwarf;
				ENABLE_STRICT_OBJC_MSGSEND = YES;
				ENABLE_TESTABILITY = YES;
				GCC_C_LANGUAGE_STANDARD = gnu99;
				GCC_DYNAMIC_NO_PIC = NO;
				GCC_NO_COMMON_BLOCKS = YES;
				GCC_OPTIMIZATION_LEVEL = 0;
				GCC_PREPROCESSOR_DEFINITIONS = (
					"DEBUG=1",
					"$(inherited)",
				);
				GCC_WARN_64_TO_32_BIT_CONVERSION = YES;
				GCC_WARN_ABOUT_RETURN_TYPE = YES_ERROR;
				GCC_WARN_UNDECLARED_SELECTOR = YES;
				GCC_WARN_UNINITIALIZED_AUTOS = YES_AGGRESSIVE;
				GCC_WARN_UNUSED_FUNCTION = YES;
				GCC_WARN_UNUSED_VARIABLE = YES;
				IPHONEOS_DEPLOYMENT_TARGET = 10.3;
				MTL_ENABLE_DEBUG_INFO = YES;
				ONLY_ACTIVE_ARCH = YES;
				SDKROOT = iphoneos;
				SWIFT_ACTIVE_COMPILATION_CONDITIONS = DEBUG;
				SWIFT_OPTIMIZATION_LEVEL = "-Onone";
				SWIFT_SWIFT3_OBJC_INFERENCE = Default;
			};
			name = Debug;
		};
		253902A61F65A8850025F959 /* Release */ = {
			isa = XCBuildConfiguration;
			buildSettings = {
				ALWAYS_SEARCH_USER_PATHS = NO;
				CLANG_ANALYZER_NONNULL = YES;
				CLANG_ANALYZER_NUMBER_OBJECT_CONVERSION = YES_AGGRESSIVE;
				CLANG_CXX_LANGUAGE_STANDARD = "gnu++0x";
				CLANG_CXX_LIBRARY = "libc++";
				CLANG_ENABLE_MODULES = YES;
				CLANG_ENABLE_OBJC_ARC = YES;
				CLANG_WARN_BLOCK_CAPTURE_AUTORELEASING = YES;
				CLANG_WARN_BOOL_CONVERSION = YES;
				CLANG_WARN_COMMA = YES;
				CLANG_WARN_CONSTANT_CONVERSION = YES;
				CLANG_WARN_DEPRECATED_OBJC_IMPLEMENTATIONS = YES;
				CLANG_WARN_DIRECT_OBJC_ISA_USAGE = YES_ERROR;
				CLANG_WARN_DOCUMENTATION_COMMENTS = YES;
				CLANG_WARN_EMPTY_BODY = YES;
				CLANG_WARN_ENUM_CONVERSION = YES;
				CLANG_WARN_INFINITE_RECURSION = YES;
				CLANG_WARN_INT_CONVERSION = YES;
				CLANG_WARN_NON_LITERAL_NULL_CONVERSION = YES;
				CLANG_WARN_OBJC_IMPLICIT_RETAIN_SELF = YES;
				CLANG_WARN_OBJC_LITERAL_CONVERSION = YES;
				CLANG_WARN_OBJC_ROOT_CLASS = YES_ERROR;
				CLANG_WARN_RANGE_LOOP_ANALYSIS = YES;
				CLANG_WARN_STRICT_PROTOTYPES = YES;
				CLANG_WARN_SUSPICIOUS_MOVE = YES;
				CLANG_WARN_UNREACHABLE_CODE = YES;
				CLANG_WARN__DUPLICATE_METHOD_MATCH = YES;
				"CODE_SIGN_IDENTITY[sdk=iphoneos*]" = "iPhone Developer";
				COPY_PHASE_STRIP = NO;
				DEBUG_INFORMATION_FORMAT = "dwarf-with-dsym";
				ENABLE_NS_ASSERTIONS = NO;
				ENABLE_STRICT_OBJC_MSGSEND = YES;
				GCC_C_LANGUAGE_STANDARD = gnu99;
				GCC_NO_COMMON_BLOCKS = YES;
				GCC_WARN_64_TO_32_BIT_CONVERSION = YES;
				GCC_WARN_ABOUT_RETURN_TYPE = YES_ERROR;
				GCC_WARN_UNDECLARED_SELECTOR = YES;
				GCC_WARN_UNINITIALIZED_AUTOS = YES_AGGRESSIVE;
				GCC_WARN_UNUSED_FUNCTION = YES;
				GCC_WARN_UNUSED_VARIABLE = YES;
				IPHONEOS_DEPLOYMENT_TARGET = 10.3;
				MTL_ENABLE_DEBUG_INFO = NO;
				SDKROOT = iphoneos;
				SWIFT_OPTIMIZATION_LEVEL = "-Owholemodule";
				SWIFT_SWIFT3_OBJC_INFERENCE = Default;
				VALIDATE_PRODUCT = YES;
			};
			name = Release;
		};
		253902A81F65A8850025F959 /* Debug */ = {
			isa = XCBuildConfiguration;
			baseConfigurationReference = 749B68A76856F1B333C296D3 /* Pods-Timetable.debug.xcconfig */;
			buildSettings = {
				ALWAYS_EMBED_SWIFT_STANDARD_LIBRARIES = YES;
				ASSETCATALOG_COMPILER_APPICON_NAME = AppIcon;
				CLANG_ENABLE_MODULES = YES;
				CODE_SIGN_ENTITLEMENTS = "Timetable/Расписание СПбГУ.entitlements";
				CODE_SIGN_IDENTITY = "iPhone Developer";
				DEVELOPMENT_TEAM = SBUE9KQ5FX;
				INFOPLIST_FILE = Timetable/Info.plist;
				IPHONEOS_DEPLOYMENT_TARGET = 9.1;
				LD_RUNPATH_SEARCH_PATHS = "$(inherited) @executable_path/Frameworks";
				PRODUCT_BUNDLE_IDENTIFIER = dev.valery.Timetable;
				PRODUCT_NAME = "Расписание СПбГУ";
				SWIFT_OPTIMIZATION_LEVEL = "-Onone";
				SWIFT_VERSION = 4.2;
			};
			name = Debug;
		};
		253902A91F65A8850025F959 /* Release */ = {
			isa = XCBuildConfiguration;
			baseConfigurationReference = E17C5FB93CD09860CF1BF908 /* Pods-Timetable.release.xcconfig */;
			buildSettings = {
				ALWAYS_EMBED_SWIFT_STANDARD_LIBRARIES = YES;
				ASSETCATALOG_COMPILER_APPICON_NAME = AppIcon;
				CLANG_ENABLE_MODULES = YES;
				CODE_SIGN_ENTITLEMENTS = "Timetable/Расписание СПбГУ.entitlements";
				CODE_SIGN_IDENTITY = "iPhone Developer";
				DEVELOPMENT_TEAM = SBUE9KQ5FX;
				INFOPLIST_FILE = Timetable/Info.plist;
				IPHONEOS_DEPLOYMENT_TARGET = 9.1;
				LD_RUNPATH_SEARCH_PATHS = "$(inherited) @executable_path/Frameworks";
				PRODUCT_BUNDLE_IDENTIFIER = dev.valery.Timetable;
				PRODUCT_NAME = "Расписание СПбГУ";
				SWIFT_VERSION = 4.2;
			};
			name = Release;
		};
/* End XCBuildConfiguration section */

/* Begin XCConfigurationList section */
		1A1949C32225509300659FA8 /* Build configuration list for PBXNativeTarget "NextEvent" */ = {
			isa = XCConfigurationList;
			buildConfigurations = (
				1A1949C42225509300659FA8 /* Debug */,
				1A1949C52225509300659FA8 /* Release */,
			);
			defaultConfigurationIsVisible = 0;
			defaultConfigurationName = Release;
		};
		253902901F65A8850025F959 /* Build configuration list for PBXProject "Timetable" */ = {
			isa = XCConfigurationList;
			buildConfigurations = (
				253902A51F65A8850025F959 /* Debug */,
				253902A61F65A8850025F959 /* Release */,
			);
			defaultConfigurationIsVisible = 0;
			defaultConfigurationName = Release;
		};
		253902A71F65A8850025F959 /* Build configuration list for PBXNativeTarget "Timetable" */ = {
			isa = XCConfigurationList;
			buildConfigurations = (
				253902A81F65A8850025F959 /* Debug */,
				253902A91F65A8850025F959 /* Release */,
			);
			defaultConfigurationIsVisible = 0;
			defaultConfigurationName = Release;
		};
/* End XCConfigurationList section */
	};
	rootObject = 2539028D1F65A8850025F959 /* Project object */;
}
